
Microsoft Visual Studio Solution File, Format Version 12.00
# Visual Studio Version 17
VisualStudioVersion = 17.0.31903.59
MinimumVisualStudioVersion = 10.0.40219.1
Project("{FAE04EC0-301F-11D3-BF4B-00C04F79EFBC}") = "Parkinglot.CMD", "Parkinglot.CMD\Parkinglot.CMD.csproj", "{DE5570B4-DEEF-4C2C-B9B5-EF3AC7308CA3}"
EndProject
Project("{FAE04EC0-301F-11D3-BF4B-00C04F79EFBC}") = "Parkinglot.CMD.Tests", "Parkinglot.CMD.Tests\Parkinglot.CMD.Tests.csproj", "{7948C618-6092-4445-8679-821C2B0A7CC2}"
EndProject
Global
	GlobalSection(SolutionConfigurationPlatforms) = preSolution
		Debug|Any CPU = Debug|Any CPU
		Release|Any CPU = Release|Any CPU
	EndGlobalSection
	GlobalSection(ProjectConfigurationPlatforms) = postSolution
		{DE5570B4-DEEF-4C2C-B9B5-EF3AC7308CA3}.Debug|Any CPU.ActiveCfg = Debug|Any CPU
		{DE5570B4-DEEF-4C2C-B9B5-EF3AC7308CA3}.Debug|Any CPU.Build.0 = Debug|Any CPU
		{DE5570B4-DEEF-4C2C-B9B5-EF3AC7308CA3}.Release|Any CPU.ActiveCfg = Release|Any CPU
		{DE5570B4-DEEF-4C2C-B9B5-EF3AC7308CA3}.Release|Any CPU.Build.0 = Release|Any CPU
		{7948C618-6092-4445-8679-821C2B0A7CC2}.Debug|Any CPU.ActiveCfg = Debug|Any CPU
		{7948C618-6092-4445-8679-821C2B0A7CC2}.Debug|Any CPU.Build.0 = Debug|Any CPU
		{7948C618-6092-4445-8679-821C2B0A7CC2}.Release|Any CPU.ActiveCfg = Release|Any CPU
		{7948C618-6092-4445-8679-821C2B0A7CC2}.Release|Any CPU.Build.0 = Release|Any CPU
	EndGlobalSection
	GlobalSection(SolutionProperties) = preSolution
		HideSolutionNode = FALSE
	EndGlobalSection
	GlobalSection(ExtensibilityGlobals) = postSolution
		SolutionGuid = {B6462B62-18A3-4D96-9298-008004598957}
	EndGlobalSection
EndGlobal
